
Microsoft Visual Studio Solution File, Format Version 12.00
Project("{FAE04EC0-301F-11D3-BF4B-00C04F79EFBC}") = "LagDinCv.Api", "LagDinCv.Api\LagDinCv.Api.csproj", "{DEBEF2E8-D273-4B50-940C-3373256851EE}"
EndProject
Global
	GlobalSection(SolutionConfigurationPlatforms) = preSolution
		Debug|Any CPU = Debug|Any CPU
		Release|Any CPU = Release|Any CPU
	EndGlobalSection
	GlobalSection(ProjectConfigurationPlatforms) = postSolution
		{DEBEF2E8-D273-4B50-940C-3373256851EE}.Debug|Any CPU.ActiveCfg = Debug|Any CPU
		{DEBEF2E8-D273-4B50-940C-3373256851EE}.Debug|Any CPU.Build.0 = Debug|Any CPU
		{DEBEF2E8-D273-4B50-940C-3373256851EE}.Release|Any CPU.ActiveCfg = Release|Any CPU
		{DEBEF2E8-D273-4B50-940C-3373256851EE}.Release|Any CPU.Build.0 = Release|Any CPU
	EndGlobalSection
EndGlobal
